
Microsoft Visual Studio Solution File, Format Version 12.00
# Visual Studio Version 16
VisualStudioVersion = 16.0.30611.23
MinimumVisualStudioVersion = 10.0.40219.1
Project("{9A19103F-16F7-4668-BE54-9A1E7A4F7556}") = "Calculator", "Calculator\Calculator.csproj", "{F491DA63-109F-40D6-B520-94B895BD707E}"
EndProject
Project("{9A19103F-16F7-4668-BE54-9A1E7A4F7556}") = "calculator2", "calculator2\calculator2.csproj", "{EEDEC4E1-46FF-49A0-82C5-575297300980}"
EndProject
Global
	GlobalSection(SolutionConfigurationPlatforms) = preSolution
		Debug|Any CPU = Debug|Any CPU
		Release|Any CPU = Release|Any CPU
	EndGlobalSection
	GlobalSection(ProjectConfigurationPlatforms) = postSolution
		{F491DA63-109F-40D6-B520-94B895BD707E}.Debug|Any CPU.ActiveCfg = Debug|Any CPU
		{F491DA63-109F-40D6-B520-94B895BD707E}.Debug|Any CPU.Build.0 = Debug|Any CPU
		{F491DA63-109F-40D6-B520-94B895BD707E}.Release|Any CPU.ActiveCfg = Release|Any CPU
		{F491DA63-109F-40D6-B520-94B895BD707E}.Release|Any CPU.Build.0 = Release|Any CPU
		{EEDEC4E1-46FF-49A0-82C5-575297300980}.Debug|Any CPU.ActiveCfg = Debug|Any CPU
		{EEDEC4E1-46FF-49A0-82C5-575297300980}.Debug|Any CPU.Build.0 = Debug|Any CPU
		{EEDEC4E1-46FF-49A0-82C5-575297300980}.Release|Any CPU.ActiveCfg = Release|Any CPU
		{EEDEC4E1-46FF-49A0-82C5-575297300980}.Release|Any CPU.Build.0 = Release|Any CPU
	EndGlobalSection
	GlobalSection(SolutionProperties) = preSolution
		HideSolutionNode = FALSE
	EndGlobalSection
	GlobalSection(ExtensibilityGlobals) = postSolution
		SolutionGuid = {3250E6B5-AC8C-4F4A-B856-C130F5BA21FF}
	EndGlobalSection
EndGlobal
